// !$*UTF8*$!
{
	archiveVersion = 1;
	classes = {
	};
	objectVersion = 46;
	objects = {

/* Begin PBXBuildFile section */
		46E600011ABEB582004EBD23 /* AppDelegate.m in Sources */ = {isa = PBXBuildFile; fileRef = 46E600001ABEB582004EBD23 /* AppDelegate.m */; };
		46E600041ABEB582004EBD23 /* ViewController.m in Sources */ = {isa = PBXBuildFile; fileRef = 46E600031ABEB582004EBD23 /* ViewController.m */; };
		46E600071ABEB582004EBD23 /* Main.storyboard in Resources */ = {isa = PBXBuildFile; fileRef = 46E600051ABEB582004EBD23 /* Main.storyboard */; };
		46E600091ABEB582004EBD23 /* Images.xcassets in Resources */ = {isa = PBXBuildFile; fileRef = 46E600081ABEB582004EBD23 /* Images.xcassets */; };
		46E6000C1ABEB582004EBD23 /* LaunchScreen.xib in Resources */ = {isa = PBXBuildFile; fileRef = 46E6000A1ABEB582004EBD23 /* LaunchScreen.xib */; };
		46E600181ABEB582004EBD23 /* UISearchBarDemoTests.m in Sources */ = {isa = PBXBuildFile; fileRef = 46E600171ABEB582004EBD23 /* UISearchBarDemoTests.m */; };
		46E6FFFE1ABEB582004EBD23 /* main.m in Sources */ = {isa = PBXBuildFile; fileRef = 46E6FFFD1ABEB582004EBD23 /* main.m */; };
/* End PBXBuildFile section */

/* Begin PBXContainerItemProxy section */
		46E600121ABEB582004EBD23 /* PBXContainerItemProxy */ = {
			isa = PBXContainerItemProxy;
			containerPortal = 46E6FFF01ABEB581004EBD23 /* Project object */;
			proxyType = 1;
			remoteGlobalIDString = 46E6FFF71ABEB582004EBD23;
			remoteInfo = UISearchBarDemo;
		};
/* End PBXContainerItemProxy section */

/* Begin PBXFileReference section */
		46E600001ABEB582004EBD23 /* AppDelegate.m */ = {isa = PBXFileReference; lastKnownFileType = sourcecode.c.objc; path = AppDelegate.m; sourceTree = "<group>"; };
		46E600021ABEB582004EBD23 /* ViewController.h */ = {isa = PBXFileReference; lastKnownFileType = sourcecode.c.h; path = ViewController.h; sourceTree = "<group>"; };
		46E600031ABEB582004EBD23 /* ViewController.m */ = {isa = PBXFileReference; lastKnownFileType = sourcecode.c.objc; path = ViewController.m; sourceTree = "<group>"; };
		46E600061ABEB582004EBD23 /* Base */ = {isa = PBXFileReference; lastKnownFileType = file.storyboard; name = Base; path = Base.lproj/Main.storyboard; sourceTree = "<group>"; };
		46E600081ABEB582004EBD23 /* Images.xcassets */ = {isa = PBXFileReference; lastKnownFileType = folder.assetcatalog; path = Images.xcassets; sourceTree = "<group>"; };
		46E6000B1ABEB582004EBD23 /* Base */ = {isa = PBXFileReference; lastKnownFileType = file.xib; name = Base; path = Base.lproj/LaunchScreen.xib; sourceTree = "<group>"; };
		46E600111ABEB582004EBD23 /* UISearchBarDemoTests.xctest */ = {isa = PBXFileReference; explicitFileType = wrapper.cfbundle; includeInIndex = 0; path = UISearchBarDemoTests.xctest; sourceTree = BUILT_PRODUCTS_DIR; };
		46E600161ABEB582004EBD23 /* Info.plist */ = {isa = PBXFileReference; lastKnownFileType = text.plist.xml; path = Info.plist; sourceTree = "<group>"; };
		46E600171ABEB582004EBD23 /* UISearchBarDemoTests.m */ = {isa = PBXFileReference; lastKnownFileType = sourcecode.c.objc; path = UISearchBarDemoTests.m; sourceTree = "<group>"; };
		46E6FFF81ABEB582004EBD23 /* UISearchBarDemo.app */ = {isa = PBXFileReference; explicitFileType = wrapper.application; includeInIndex = 0; path = UISearchBarDemo.app; sourceTree = BUILT_PRODUCTS_DIR; };
		46E6FFFC1ABEB582004EBD23 /* Info.plist */ = {isa = PBXFileReference; lastKnownFileType = text.plist.xml; path = Info.plist; sourceTree = "<group>"; };
		46E6FFFD1ABEB582004EBD23 /* main.m */ = {isa = PBXFileReference; lastKnownFileType = sourcecode.c.objc; path = main.m; sourceTree = "<group>"; };
		46E6FFFF1ABEB582004EBD23 /* AppDelegate.h */ = {isa = PBXFileReference; lastKnownFileType = sourcecode.c.h; path = AppDelegate.h; sourceTree = "<group>"; };
/* End PBXFileReference section */

/* Begin PBXFrameworksBuildPhase section */
		46E6000E1ABEB582004EBD23 /* Frameworks */ = {
			isa = PBXFrameworksBuildPhase;
			buildActionMask = 2147483647;
			files = (
			);
			runOnlyForDeploymentPostprocessing = 0;
		};
		46E6FFF51ABEB582004EBD23 /* Frameworks */ = {
			isa = PBXFrameworksBuildPhase;
			buildActionMask = 2147483647;
			files = (
			);
			runOnlyForDeploymentPostprocessing = 0;
		};
/* End PBXFrameworksBuildPhase section */

/* Begin PBXGroup section */
		46E600141ABEB582004EBD23 /* UISearchBarDemoTests */ = {
			isa = PBXGroup;
			children = (
				46E600171ABEB582004EBD23 /* UISearchBarDemoTests.m */,
				46E600151ABEB582004EBD23 /* Supporting Files */,
			);
			path = UISearchBarDemoTests;
			sourceTree = "<group>";
		};
		46E600151ABEB582004EBD23 /* Supporting Files */ = {
			isa = PBXGroup;
			children = (
				46E600161ABEB582004EBD23 /* Info.plist */,
			);
			name = "Supporting Files";
			sourceTree = "<group>";
		};
		46E6FFEF1ABEB581004EBD23 = {
			isa = PBXGroup;
			children = (
				46E6FFFA1ABEB582004EBD23 /* UISearchBarDemo */,
				46E600141ABEB582004EBD23 /* UISearchBarDemoTests */,
				46E6FFF91ABEB582004EBD23 /* Products */,
			);
			sourceTree = "<group>";
		};
		46E6FFF91ABEB582004EBD23 /* Products */ = {
			isa = PBXGroup;
			children = (
				46E6FFF81ABEB582004EBD23 /* UISearchBarDemo.app */,
				46E600111ABEB582004EBD23 /* UISearchBarDemoTests.xctest */,
			);
			name = Products;
			sourceTree = "<group>";
		};
		46E6FFFA1ABEB582004EBD23 /* UISearchBarDemo */ = {
			isa = PBXGroup;
			children = (
				46E6FFFF1ABEB582004EBD23 /* AppDelegate.h */,
				46E600001ABEB582004EBD23 /* AppDelegate.m */,
				46E600021ABEB582004EBD23 /* ViewController.h */,
				46E600031ABEB582004EBD23 /* ViewController.m */,
				46E600051ABEB582004EBD23 /* Main.storyboard */,
				46E600081ABEB582004EBD23 /* Images.xcassets */,
				46E6000A1ABEB582004EBD23 /* LaunchScreen.xib */,
				46E6FFFB1ABEB582004EBD23 /* Supporting Files */,
			);
			path = UISearchBarDemo;
			sourceTree = "<group>";
		};
		46E6FFFB1ABEB582004EBD23 /* Supporting Files */ = {
			isa = PBXGroup;
			children = (
				46E6FFFC1ABEB582004EBD23 /* Info.plist */,
				46E6FFFD1ABEB582004EBD23 /* main.m */,
			);
			name = "Supporting Files";
			sourceTree = "<group>";
		};
/* End PBXGroup section */

/* Begin PBXNativeTarget section */
		46E600101ABEB582004EBD23 /* UISearchBarDemoTests */ = {
			isa = PBXNativeTarget;
			buildConfigurationList = 46E6001E1ABEB582004EBD23 /* Build configuration list for PBXNativeTarget "UISearchBarDemoTests" */;
			buildPhases = (
				46E6000D1ABEB582004EBD23 /* Sources */,
				46E6000E1ABEB582004EBD23 /* Frameworks */,
				46E6000F1ABEB582004EBD23 /* Resources */,
			);
			buildRules = (
			);
			dependencies = (
				46E600131ABEB582004EBD23 /* PBXTargetDependency */,
			);
			name = UISearchBarDemoTests;
			productName = UISearchBarDemoTests;
			productReference = 46E600111ABEB582004EBD23 /* UISearchBarDemoTests.xctest */;
			productType = "com.apple.product-type.bundle.unit-test";
		};
		46E6FFF71ABEB582004EBD23 /* UISearchBarDemo */ = {
			isa = PBXNativeTarget;
			buildConfigurationList = 46E6001B1ABEB582004EBD23 /* Build configuration list for PBXNativeTarget "UISearchBarDemo" */;
			buildPhases = (
				46E6FFF41ABEB582004EBD23 /* Sources */,
				46E6FFF51ABEB582004EBD23 /* Frameworks */,
				46E6FFF61ABEB582004EBD23 /* Resources */,
			);
			buildRules = (
			);
			dependencies = (
			);
			name = UISearchBarDemo;
			productName = UISearchBarDemo;
			productReference = 46E6FFF81ABEB582004EBD23 /* UISearchBarDemo.app */;
			productType = "com.apple.product-type.application";
		};
/* End PBXNativeTarget section */

/* Begin PBXProject section */
		46E6FFF01ABEB581004EBD23 /* Project object */ = {
			isa = PBXProject;
			attributes = {
				LastUpgradeCheck = 0610;
				ORGANIZATIONNAME = Abhishek;
				TargetAttributes = {
					46E600101ABEB582004EBD23 = {
						CreatedOnToolsVersion = 6.1.1;
						TestTargetID = 46E6FFF71ABEB582004EBD23;
					};
					46E6FFF71ABEB582004EBD23 = {
						CreatedOnToolsVersion = 6.1.1;
					};
				};
			};
			buildConfigurationList = 46E6FFF31ABEB581004EBD23 /* Build configuration list for PBXProject "UISearchBarDemo" */;
			compatibilityVersion = "Xcode 3.2";
			developmentRegion = English;
			hasScannedForEncodings = 0;
			knownRegions = (
				en,
				Base,
			);
			mainGroup = 46E6FFEF1ABEB581004EBD23;
			productRefGroup = 46E6FFF91ABEB582004EBD23 /* Products */;
			projectDirPath = "";
			projectRoot = "";
			targets = (
				46E6FFF71ABEB582004EBD23 /* UISearchBarDemo */,
				46E600101ABEB582004EBD23 /* UISearchBarDemoTests */,
			);
		};
/* End PBXProject section */

/* Begin PBXResourcesBuildPhase section */
		46E6000F1ABEB582004EBD23 /* Resources */ = {
			isa = PBXResourcesBuildPhase;
			buildActionMask = 2147483647;
			files = (
			);
			runOnlyForDeploymentPostprocessing = 0;
		};
		46E6FFF61ABEB582004EBD23 /* Resources */ = {
			isa = PBXResourcesBuildPhase;
			buildActionMask = 2147483647;
			files = (
				46E600071ABEB582004EBD23 /* Main.storyboard in Resources */,
				46E6000C1ABEB582004EBD23 /* LaunchScreen.xib in Resources */,
				46E600091ABEB582004EBD23 /* Images.xcassets in Resources */,
			);
			runOnlyForDeploymentPostprocessing = 0;
		};
/* End PBXResourcesBuildPhase section */

/* Begin PBXSourcesBuildPhase section */
		46E6000D1ABEB582004EBD23 /* Sources */ = {
			isa = PBXSourcesBuildPhase;
			buildActionMask = 2147483647;
			files = (
				46E600181ABEB582004EBD23 /* UISearchBarDemoTests.m in Sources */,
			);
			runOnlyForDeploymentPostprocessing = 0;
		};
		46E6FFF41ABEB582004EBD23 /* Sources */ = {
			isa = PBXSourcesBuildPhase;
			buildActionMask = 2147483647;
			files = (
				46E600041ABEB582004EBD23 /* ViewController.m in Sources */,
				46E600011ABEB582004EBD23 /* AppDelegate.m in Sources */,
				46E6FFFE1ABEB582004EBD23 /* main.m in Sources */,
			);
			runOnlyForDeploymentPostprocessing = 0;
		};
/* End PBXSourcesBuildPhase section */

/* Begin PBXTargetDependency section */
		46E600131ABEB582004EBD23 /* PBXTargetDependency */ = {
			isa = PBXTargetDependency;
			target = 46E6FFF71ABEB582004EBD23 /* UISearchBarDemo */;
			targetProxy = 46E600121ABEB582004EBD23 /* PBXContainerItemProxy */;
		};
/* End PBXTargetDependency section */

/* Begin PBXVariantGroup section */
		46E600051ABEB582004EBD23 /* Main.storyboard */ = {
			isa = PBXVariantGroup;
			children = (
				46E600061ABEB582004EBD23 /* Base */,
			);
			name = Main.storyboard;
			sourceTree = "<group>";
		};
		46E6000A1ABEB582004EBD23 /* LaunchScreen.xib */ = {
			isa = PBXVariantGroup;
			children = (
				46E6000B1ABEB582004EBD23 /* Base */,
			);
			name = LaunchScreen.xib;
			sourceTree = "<group>";
		};
/* End PBXVariantGroup section */

/* Begin XCBuildConfiguration section */
		46E600191ABEB582004EBD23 /* Debug */ = {
			isa = XCBuildConfiguration;
			buildSettings = {
				ALWAYS_SEARCH_USER_PATHS = NO;
				CLANG_CXX_LANGUAGE_STANDARD = "gnu++0x";
				CLANG_CXX_LIBRARY = "libc++";
				CLANG_ENABLE_MODULES = YES;
				CLANG_ENABLE_OBJC_ARC = YES;
				CLANG_WARN_BOOL_CONVERSION = YES;
				CLANG_WARN_CONSTANT_CONVERSION = YES;
				CLANG_WARN_DIRECT_OBJC_ISA_USAGE = YES_ERROR;
				CLANG_WARN_EMPTY_BODY = YES;
				CLANG_WARN_ENUM_CONVERSION = YES;
				CLANG_WARN_INT_CONVERSION = YES;
				CLANG_WARN_OBJC_ROOT_CLASS = YES_ERROR;
				CLANG_WARN_UNREACHABLE_CODE = YES;
				CLANG_WARN__DUPLICATE_METHOD_MATCH = YES;
				"CODE_SIGN_IDENTITY[sdk=iphoneos*]" = "iPhone Developer";
				COPY_PHASE_STRIP = NO;
				ENABLE_STRICT_OBJC_MSGSEND = YES;
				GCC_C_LANGUAGE_STANDARD = gnu99;
				GCC_DYNAMIC_NO_PIC = NO;
				GCC_OPTIMIZATION_LEVEL = 0;
				GCC_PREPROCESSOR_DEFINITIONS = (
					"DEBUG=1",
					"$(inherited)",
				);
				GCC_SYMBOLS_PRIVATE_EXTERN = NO;
				GCC_WARN_64_TO_32_BIT_CONVERSION = YES;
				GCC_WARN_ABOUT_RETURN_TYPE = YES_ERROR;
				GCC_WARN_UNDECLARED_SELECTOR = YES;
				GCC_WARN_UNINITIALIZED_AUTOS = YES_AGGRESSIVE;
				GCC_WARN_UNUSED_FUNCTION = YES;
				GCC_WARN_UNUSED_VARIABLE = YES;
				IPHONEOS_DEPLOYMENT_TARGET = 8.1;
				MTL_ENABLE_DEBUG_INFO = YES;
				ONLY_ACTIVE_ARCH = YES;
				SDKROOT = iphoneos;
			};
			name = Debug;
		};
		46E6001A1ABEB582004EBD23 /* Release */ = {
			isa = XCBuildConfiguration;
			buildSettings = {
				ALWAYS_SEARCH_USER_PATHS = NO;
				CLANG_CXX_LANGUAGE_STANDARD = "gnu++0x";
				CLANG_CXX_LIBRARY = "libc++";
				CLANG_ENABLE_MODULES = YES;
				CLANG_ENABLE_OBJC_ARC = YES;
				CLANG_WARN_BOOL_CONVERSION = YES;
				CLANG_WARN_CONSTANT_CONVERSION = YES;
				CLANG_WARN_DIRECT_OBJC_ISA_USAGE = YES_ERROR;
				CLANG_WARN_EMPTY_BODY = YES;
				CLANG_WARN_ENUM_CONVERSION = YES;
				CLANG_WARN_INT_CONVERSION = YES;
				CLANG_WARN_OBJC_ROOT_CLASS = YES_ERROR;
				CLANG_WARN_UNREACHABLE_CODE = YES;
				CLANG_WARN__DUPLICATE_METHOD_MATCH = YES;
				"CODE_SIGN_IDENTITY[sdk=iphoneos*]" = "iPhone Developer";
				COPY_PHASE_STRIP = YES;
				ENABLE_NS_ASSERTIONS = NO;
				ENABLE_STRICT_OBJC_MSGSEND = YES;
				GCC_C_LANGUAGE_STANDARD = gnu99;
				GCC_WARN_64_TO_32_BIT_CONVERSION = YES;
				GCC_WARN_ABOUT_RETURN_TYPE = YES_ERROR;
				GCC_WARN_UNDECLARED_SELECTOR = YES;
				GCC_WARN_UNINITIALIZED_AUTOS = YES_AGGRESSIVE;
				GCC_WARN_UNUSED_FUNCTION = YES;
				GCC_WARN_UNUSED_VARIABLE = YES;
				IPHONEOS_DEPLOYMENT_TARGET = 8.1;
				MTL_ENABLE_DEBUG_INFO = NO;
				SDKROOT = iphoneos;
				VALIDATE_PRODUCT = YES;
			};
			name = Release;
		};
		46E6001C1ABEB582004EBD23 /* Debug */ = {
			isa = XCBuildConfiguration;
			buildSettings = {
				ASSETCATALOG_COMPILER_APPICON_NAME = AppIcon;
				INFOPLIST_FILE = UISearchBarDemo/Info.plist;
				LD_RUNPATH_SEARCH_PATHS = "$(inherited) @executable_path/Frameworks";
				PRODUCT_NAME = "$(TARGET_NAME)";
			};
			name = Debug;
		};
		46E6001D1ABEB582004EBD23 /* Release */ = {
			isa = XCBuildConfiguration;
			buildSettings = {
				ASSETCATALOG_COMPILER_APPICON_NAME = AppIcon;
				INFOPLIST_FILE = UISearchBarDemo/Info.plist;
				LD_RUNPATH_SEARCH_PATHS = "$(inherited) @executable_path/Frameworks";
				PRODUCT_NAME = "$(TARGET_NAME)";
			};
			name = Release;
		};
		46E6001F1ABEB582004EBD23 /* Debug */ = {
			isa = XCBuildConfiguration;
			buildSettings = {
				BUNDLE_LOADER = "$(TEST_HOST)";
				FRAMEWORK_SEARCH_PATHS = (
					"$(SDKROOT)/Developer/Library/Frameworks",
					"$(inherited)",
				);
				GCC_PREPROCESSOR_DEFINITIONS = (
					"DEBUG=1",
					"$(inherited)",
				);
				INFOPLIST_FILE = UISearchBarDemoTests/Info.plist;
				LD_RUNPATH_SEARCH_PATHS = "$(inherited) @executable_path/Frameworks @loader_path/Frameworks";
				PRODUCT_NAME = "$(TARGET_NAME)";
				TEST_HOST = "$(BUILT_PRODUCTS_DIR)/UISearchBarDemo.app/UISearchBarDemo";
			};
			name = Debug;
		};
		46E600201ABEB582004EBD23 /* Release */ = {
			isa = XCBuildConfiguration;
			buildSettings = {
				BUNDLE_LOADER = "$(TEST_HOST)";
				FRAMEWORK_SEARCH_PATHS = (
					"$(SDKROOT)/Developer/Library/Frameworks",
					"$(inherited)",
				);
				INFOPLIST_FILE = UISearchBarDemoTests/Info.plist;
				LD_RUNPATH_SEARCH_PATHS = "$(inherited) @executable_path/Frameworks @loader_path/Frameworks";
				PRODUCT_NAME = "$(TARGET_NAME)";
				TEST_HOST = "$(BUILT_PRODUCTS_DIR)/UISearchBarDemo.app/UISearchBarDemo";
			};
			name = Release;
		};
/* End XCBuildConfiguration section */

/* Begin XCConfigurationList section */
		46E6001B1ABEB582004EBD23 /* Build configuration list for PBXNativeTarget "UISearchBarDemo" */ = {
			isa = XCConfigurationList;
			buildConfigurations = (
				46E6001C1ABEB582004EBD23 /* Debug */,
				46E6001D1ABEB582004EBD23 /* Release */,
			);
			defaultConfigurationIsVisible = 0;
		};
		46E6001E1ABEB582004EBD23 /* Build configuration list for PBXNativeTarget "UISearchBarDemoTests" */ = {
			isa = XCConfigurationList;
			buildConfigurations = (
				46E6001F1ABEB582004EBD23 /* Debug */,
				46E600201ABEB582004EBD23 /* Release */,
			);
			defaultConfigurationIsVisible = 0;
		};
		46E6FFF31ABEB581004EBD23 /* Build configuration list for PBXProject "UISearchBarDemo" */ = {
			isa = XCConfigurationList;
			buildConfigurations = (
				46E600191ABEB582004EBD23 /* Debug */,
				46E6001A1ABEB582004EBD23 /* Release */,
			);
			defaultConfigurationIsVisible = 0;
			defaultConfigurationName = Release;
		};
/* End XCConfigurationList section */
	};
	rootObject = 46E6FFF01ABEB581004EBD23 /* Project object */;
}
